
Microsoft Visual Studio Solution File, Format Version 12.00
# Visual Studio Version 16
VisualStudioVersion = 16.0.29409.12
MinimumVisualStudioVersion = 10.0.40219.1
Project("{FAE04EC0-301F-11D3-BF4B-00C04F79EFBC}") = "TicketApp", "TicketApp\TicketApp.csproj", "{07F4B629-8968-49BA-89FF-1B29116C9CEF}"
EndProject
Project("{00D1A9C2-B5F0-4AF3-8072-F6C62B433612}") = "Ticket.DataAccessLayer", "Ticket.DataAccessLayer\Ticket.DataAccessLayer.sqlproj", "{97A037E7-F9A5-4165-A513-81F2A80F6314}"
EndProject
Project("{FAE04EC0-301F-11D3-BF4B-00C04F79EFBC}") = "ServiceLayer", "ServiceLayer\ServiceLayer.csproj", "{0A235FCF-21B8-4F95-820E-6F5E10F3F9CE}"
EndProject
Project("{FAE04EC0-301F-11D3-BF4B-00C04F79EFBC}") = "Models", "Models\Models.csproj", "{48C77B96-5DA4-40A2-B19A-4E8E1C01364D}"
EndProject
Project("{2150E333-8FDC-42A3-9474-1A3956D46DE8}") = "Solution Items", "Solution Items", "{AC18B7FE-4AE7-46C0-AB37-D9EF073A8E4B}"
	ProjectSection(SolutionItems) = preProject
		ProjeDetaylari.txt = ProjeDetaylari.txt
	EndProjectSection
EndProject
Global
	GlobalSection(SolutionConfigurationPlatforms) = preSolution
		Debug|Any CPU = Debug|Any CPU
		Release|Any CPU = Release|Any CPU
	EndGlobalSection
	GlobalSection(ProjectConfigurationPlatforms) = postSolution
		{07F4B629-8968-49BA-89FF-1B29116C9CEF}.Debug|Any CPU.ActiveCfg = Debug|Any CPU
		{07F4B629-8968-49BA-89FF-1B29116C9CEF}.Debug|Any CPU.Build.0 = Debug|Any CPU
		{07F4B629-8968-49BA-89FF-1B29116C9CEF}.Release|Any CPU.ActiveCfg = Release|Any CPU
		{07F4B629-8968-49BA-89FF-1B29116C9CEF}.Release|Any CPU.Build.0 = Release|Any CPU
		{97A037E7-F9A5-4165-A513-81F2A80F6314}.Debug|Any CPU.ActiveCfg = Debug|Any CPU
		{97A037E7-F9A5-4165-A513-81F2A80F6314}.Debug|Any CPU.Build.0 = Debug|Any CPU
		{97A037E7-F9A5-4165-A513-81F2A80F6314}.Debug|Any CPU.Deploy.0 = Debug|Any CPU
		{97A037E7-F9A5-4165-A513-81F2A80F6314}.Release|Any CPU.ActiveCfg = Release|Any CPU
		{97A037E7-F9A5-4165-A513-81F2A80F6314}.Release|Any CPU.Build.0 = Release|Any CPU
		{97A037E7-F9A5-4165-A513-81F2A80F6314}.Release|Any CPU.Deploy.0 = Release|Any CPU
		{0A235FCF-21B8-4F95-820E-6F5E10F3F9CE}.Debug|Any CPU.ActiveCfg = Debug|Any CPU
		{0A235FCF-21B8-4F95-820E-6F5E10F3F9CE}.Debug|Any CPU.Build.0 = Debug|Any CPU
		{0A235FCF-21B8-4F95-820E-6F5E10F3F9CE}.Release|Any CPU.ActiveCfg = Release|Any CPU
		{0A235FCF-21B8-4F95-820E-6F5E10F3F9CE}.Release|Any CPU.Build.0 = Release|Any CPU
		{48C77B96-5DA4-40A2-B19A-4E8E1C01364D}.Debug|Any CPU.ActiveCfg = Debug|Any CPU
		{48C77B96-5DA4-40A2-B19A-4E8E1C01364D}.Debug|Any CPU.Build.0 = Debug|Any CPU
		{48C77B96-5DA4-40A2-B19A-4E8E1C01364D}.Release|Any CPU.ActiveCfg = Release|Any CPU
		{48C77B96-5DA4-40A2-B19A-4E8E1C01364D}.Release|Any CPU.Build.0 = Release|Any CPU
	EndGlobalSection
	GlobalSection(SolutionProperties) = preSolution
		HideSolutionNode = FALSE
	EndGlobalSection
	GlobalSection(ExtensibilityGlobals) = postSolution
		SolutionGuid = {C8E8D3B9-D284-4F1C-B123-FC47507285F4}
	EndGlobalSection
EndGlobal
